
Microsoft Visual Studio Solution File, Format Version 12.00
# Visual Studio Version 17
VisualStudioVersion = 17.3.32922.545
MinimumVisualStudioVersion = 10.0.40219.1
Project("{9A19103F-16F7-4668-BE54-9A1E7A4F7556}") = "Domain", "src\Domain\Domain.csproj", "{29AA693F-8582-42B1-973A-23BD9D4CBA61}"
EndProject
Project("{9A19103F-16F7-4668-BE54-9A1E7A4F7556}") = "Application", "src\Application\Application.csproj", "{9A536BC2-898C-4D28-83A0-6F9ABCDC22C3}"
EndProject
Project("{9A19103F-16F7-4668-BE54-9A1E7A4F7556}") = "MovieRamaWeb", "src\MovieRamaWeb\MovieRamaWeb.csproj", "{B5BF53FC-0F0A-4AF0-96AD-BBAA553478BF}"
EndProject
Project("{9A19103F-16F7-4668-BE54-9A1E7A4F7556}") = "Infrastructure.Sql", "src\Infrastructure.Sql\Infrastructure.Sql.csproj", "{1877DC5E-B3EE-4666-8702-34BFA6409B4B}"
EndProject
Project("{2150E333-8FDC-42A3-9474-1A3956D46DE8}") = "tests", "tests", "{A42C20DF-135F-4E49-BEB0-5C7DC281D4D3}"
EndProject
Project("{FAE04EC0-301F-11D3-BF4B-00C04F79EFBC}") = "InfraStructure.Sql.Unit", "tests\InfraStructure.Sql.Unit\InfraStructure.Sql.Unit.csproj", "{4EB738F7-44DE-4200-9DF5-48A3D3687A96}"
EndProject
Global
	GlobalSection(SolutionConfigurationPlatforms) = preSolution
		Debug|Any CPU = Debug|Any CPU
		Release|Any CPU = Release|Any CPU
	EndGlobalSection
	GlobalSection(ProjectConfigurationPlatforms) = postSolution
		{29AA693F-8582-42B1-973A-23BD9D4CBA61}.Debug|Any CPU.ActiveCfg = Debug|Any CPU
		{29AA693F-8582-42B1-973A-23BD9D4CBA61}.Debug|Any CPU.Build.0 = Debug|Any CPU
		{29AA693F-8582-42B1-973A-23BD9D4CBA61}.Release|Any CPU.ActiveCfg = Release|Any CPU
		{29AA693F-8582-42B1-973A-23BD9D4CBA61}.Release|Any CPU.Build.0 = Release|Any CPU
		{9A536BC2-898C-4D28-83A0-6F9ABCDC22C3}.Debug|Any CPU.ActiveCfg = Debug|Any CPU
		{9A536BC2-898C-4D28-83A0-6F9ABCDC22C3}.Debug|Any CPU.Build.0 = Debug|Any CPU
		{9A536BC2-898C-4D28-83A0-6F9ABCDC22C3}.Release|Any CPU.ActiveCfg = Release|Any CPU
		{9A536BC2-898C-4D28-83A0-6F9ABCDC22C3}.Release|Any CPU.Build.0 = Release|Any CPU
		{B5BF53FC-0F0A-4AF0-96AD-BBAA553478BF}.Debug|Any CPU.ActiveCfg = Debug|Any CPU
		{B5BF53FC-0F0A-4AF0-96AD-BBAA553478BF}.Debug|Any CPU.Build.0 = Debug|Any CPU
		{B5BF53FC-0F0A-4AF0-96AD-BBAA553478BF}.Release|Any CPU.ActiveCfg = Release|Any CPU
		{B5BF53FC-0F0A-4AF0-96AD-BBAA553478BF}.Release|Any CPU.Build.0 = Release|Any CPU
		{1877DC5E-B3EE-4666-8702-34BFA6409B4B}.Debug|Any CPU.ActiveCfg = Debug|Any CPU
		{1877DC5E-B3EE-4666-8702-34BFA6409B4B}.Debug|Any CPU.Build.0 = Debug|Any CPU
		{1877DC5E-B3EE-4666-8702-34BFA6409B4B}.Release|Any CPU.ActiveCfg = Release|Any CPU
		{1877DC5E-B3EE-4666-8702-34BFA6409B4B}.Release|Any CPU.Build.0 = Release|Any CPU
		{4EB738F7-44DE-4200-9DF5-48A3D3687A96}.Debug|Any CPU.ActiveCfg = Debug|Any CPU
		{4EB738F7-44DE-4200-9DF5-48A3D3687A96}.Debug|Any CPU.Build.0 = Debug|Any CPU
		{4EB738F7-44DE-4200-9DF5-48A3D3687A96}.Release|Any CPU.ActiveCfg = Release|Any CPU
		{4EB738F7-44DE-4200-9DF5-48A3D3687A96}.Release|Any CPU.Build.0 = Release|Any CPU
	EndGlobalSection
	GlobalSection(SolutionProperties) = preSolution
		HideSolutionNode = FALSE
	EndGlobalSection
	GlobalSection(NestedProjects) = preSolution
		{4EB738F7-44DE-4200-9DF5-48A3D3687A96} = {A42C20DF-135F-4E49-BEB0-5C7DC281D4D3}
	EndGlobalSection
	GlobalSection(ExtensibilityGlobals) = postSolution
		SolutionGuid = {D3969C82-7860-4FA5-8022-5E1E352603CC}
	EndGlobalSection
EndGlobal
